// !$*UTF8*$!
{
	archiveVersion = 1;
	classes = {
	};
	objectVersion = 50;
	objects = {

/* Begin PBXBuildFile section */
		32A4CDA1264EA887004732F5 /* AppDelegate.swift in Sources */ = {isa = PBXBuildFile; fileRef = 32A4CDA0264EA887004732F5 /* AppDelegate.swift */; };
		32A4CDA3264EA887004732F5 /* SceneDelegate.swift in Sources */ = {isa = PBXBuildFile; fileRef = 32A4CDA2264EA887004732F5 /* SceneDelegate.swift */; };
		32A4CDA5264EA887004732F5 /* ContentView.swift in Sources */ = {isa = PBXBuildFile; fileRef = 32A4CDA4264EA887004732F5 /* ContentView.swift */; };
		32A4CDA7264EA88D004732F5 /* Assets.xcassets in Resources */ = {isa = PBXBuildFile; fileRef = 32A4CDA6264EA88D004732F5 /* Assets.xcassets */; };
		32A4CDAA264EA88D004732F5 /* Preview Assets.xcassets in Resources */ = {isa = PBXBuildFile; fileRef = 32A4CDA9264EA88D004732F5 /* Preview Assets.xcassets */; };
		32A4CDAD264EA88D004732F5 /* LaunchScreen.storyboard in Resources */ = {isa = PBXBuildFile; fileRef = 32A4CDAB264EA88D004732F5 /* LaunchScreen.storyboard */; };
		32A4CDB5264EA9E1004732F5 /* CatFact.swift in Sources */ = {isa = PBXBuildFile; fileRef = 32A4CDB4264EA9E1004732F5 /* CatFact.swift */; };
		32A4CDB7264EAA9C004732F5 /* CatHTTPManager.swift in Sources */ = {isa = PBXBuildFile; fileRef = 32A4CDB6264EAA9C004732F5 /* CatHTTPManager.swift */; };
/* End PBXBuildFile section */

/* Begin PBXFileReference section */
		32A4CD9D264EA886004732F5 /* Cat Fact.app */ = {isa = PBXFileReference; explicitFileType = wrapper.application; includeInIndex = 0; path = "Cat Fact.app"; sourceTree = BUILT_PRODUCTS_DIR; };
		32A4CDA0264EA887004732F5 /* AppDelegate.swift */ = {isa = PBXFileReference; lastKnownFileType = sourcecode.swift; path = AppDelegate.swift; sourceTree = "<group>"; };
		32A4CDA2264EA887004732F5 /* SceneDelegate.swift */ = {isa = PBXFileReference; lastKnownFileType = sourcecode.swift; path = SceneDelegate.swift; sourceTree = "<group>"; };
		32A4CDA4264EA887004732F5 /* ContentView.swift */ = {isa = PBXFileReference; lastKnownFileType = sourcecode.swift; path = ContentView.swift; sourceTree = "<group>"; };
		32A4CDA6264EA88D004732F5 /* Assets.xcassets */ = {isa = PBXFileReference; lastKnownFileType = folder.assetcatalog; path = Assets.xcassets; sourceTree = "<group>"; };
		32A4CDA9264EA88D004732F5 /* Preview Assets.xcassets */ = {isa = PBXFileReference; lastKnownFileType = folder.assetcatalog; path = "Preview Assets.xcassets"; sourceTree = "<group>"; };
		32A4CDAC264EA88D004732F5 /* Base */ = {isa = PBXFileReference; lastKnownFileType = file.storyboard; name = Base; path = Base.lproj/LaunchScreen.storyboard; sourceTree = "<group>"; };
		32A4CDAE264EA88D004732F5 /* Info.plist */ = {isa = PBXFileReference; lastKnownFileType = text.plist.xml; path = Info.plist; sourceTree = "<group>"; };
		32A4CDB4264EA9E1004732F5 /* CatFact.swift */ = {isa = PBXFileReference; lastKnownFileType = sourcecode.swift; path = CatFact.swift; sourceTree = "<group>"; };
		32A4CDB6264EAA9C004732F5 /* CatHTTPManager.swift */ = {isa = PBXFileReference; lastKnownFileType = sourcecode.swift; path = CatHTTPManager.swift; sourceTree = "<group>"; };
/* End PBXFileReference section */

/* Begin PBXFrameworksBuildPhase section */
		32A4CD9A264EA886004732F5 /* Frameworks */ = {
			isa = PBXFrameworksBuildPhase;
			buildActionMask = 2147483647;
			files = (
			);
			runOnlyForDeploymentPostprocessing = 0;
		};
/* End PBXFrameworksBuildPhase section */

/* Begin PBXGroup section */
		32A4CD94264EA886004732F5 = {
			isa = PBXGroup;
			children = (
				32A4CD9F264EA886004732F5 /* Cat Fact */,
				32A4CD9E264EA886004732F5 /* Products */,
			);
			sourceTree = "<group>";
		};
		32A4CD9E264EA886004732F5 /* Products */ = {
			isa = PBXGroup;
			children = (
				32A4CD9D264EA886004732F5 /* Cat Fact.app */,
			);
			name = Products;
			sourceTree = "<group>";
		};
		32A4CD9F264EA886004732F5 /* Cat Fact */ = {
			isa = PBXGroup;
			children = (
				32A4CDA0264EA887004732F5 /* AppDelegate.swift */,
				32A4CDA2264EA887004732F5 /* SceneDelegate.swift */,
				32A4CDA4264EA887004732F5 /* ContentView.swift */,
				32A4CDB4264EA9E1004732F5 /* CatFact.swift */,
				32A4CDB6264EAA9C004732F5 /* CatHTTPManager.swift */,
				32A4CDA6264EA88D004732F5 /* Assets.xcassets */,
				32A4CDAB264EA88D004732F5 /* LaunchScreen.storyboard */,
				32A4CDAE264EA88D004732F5 /* Info.plist */,
				32A4CDA8264EA88D004732F5 /* Preview Content */,
			);
			path = "Cat Fact";
			sourceTree = "<group>";
		};
		32A4CDA8264EA88D004732F5 /* Preview Content */ = {
			isa = PBXGroup;
			children = (
				32A4CDA9264EA88D004732F5 /* Preview Assets.xcassets */,
			);
			path = "Preview Content";
			sourceTree = "<group>";
		};
/* End PBXGroup section */

/* Begin PBXNativeTarget section */
		32A4CD9C264EA886004732F5 /* Cat Fact */ = {
			isa = PBXNativeTarget;
			buildConfigurationList = 32A4CDB1264EA88D004732F5 /* Build configuration list for PBXNativeTarget "Cat Fact" */;
			buildPhases = (
				32A4CD99264EA886004732F5 /* Sources */,
				32A4CD9A264EA886004732F5 /* Frameworks */,
				32A4CD9B264EA886004732F5 /* Resources */,
			);
			buildRules = (
			);
			dependencies = (
			);
			name = "Cat Fact";
			productName = "Cat Fact";
			productReference = 32A4CD9D264EA886004732F5 /* Cat Fact.app */;
			productType = "com.apple.product-type.application";
		};
/* End PBXNativeTarget section */

/* Begin PBXProject section */
		32A4CD95264EA886004732F5 /* Project object */ = {
			isa = PBXProject;
			attributes = {
				LastSwiftUpdateCheck = 1250;
				LastUpgradeCheck = 1250;
				TargetAttributes = {
					32A4CD9C264EA886004732F5 = {
						CreatedOnToolsVersion = 12.5;
					};
				};
			};
			buildConfigurationList = 32A4CD98264EA886004732F5 /* Build configuration list for PBXProject "Cat Fact" */;
			compatibilityVersion = "Xcode 9.3";
			developmentRegion = en;
			hasScannedForEncodings = 0;
			knownRegions = (
				en,
				Base,
			);
			mainGroup = 32A4CD94264EA886004732F5;
			productRefGroup = 32A4CD9E264EA886004732F5 /* Products */;
			projectDirPath = "";
			projectRoot = "";
			targets = (
				32A4CD9C264EA886004732F5 /* Cat Fact */,
			);
		};
/* End PBXProject section */

/* Begin PBXResourcesBuildPhase section */
		32A4CD9B264EA886004732F5 /* Resources */ = {
			isa = PBXResourcesBuildPhase;
			buildActionMask = 2147483647;
			files = (
				32A4CDAD264EA88D004732F5 /* LaunchScreen.storyboard in Resources */,
				32A4CDAA264EA88D004732F5 /* Preview Assets.xcassets in Resources */,
				32A4CDA7264EA88D004732F5 /* Assets.xcassets in Resources */,
			);
			runOnlyForDeploymentPostprocessing = 0;
		};
/* End PBXResourcesBuildPhase section */

/* Begin PBXSourcesBuildPhase section */
		32A4CD99264EA886004732F5 /* Sources */ = {
			isa = PBXSourcesBuildPhase;
			buildActionMask = 2147483647;
			files = (
				32A4CDA1264EA887004732F5 /* AppDelegate.swift in Sources */,
				32A4CDB7264EAA9C004732F5 /* CatHTTPManager.swift in Sources */,
				32A4CDA3264EA887004732F5 /* SceneDelegate.swift in Sources */,
				32A4CDB5264EA9E1004732F5 /* CatFact.swift in Sources */,
				32A4CDA5264EA887004732F5 /* ContentView.swift in Sources */,
			);
			runOnlyForDeploymentPostprocessing = 0;
		};
/* End PBXSourcesBuildPhase section */

/* Begin PBXVariantGroup section */
		32A4CDAB264EA88D004732F5 /* LaunchScreen.storyboard */ = {
			isa = PBXVariantGroup;
			children = (
				32A4CDAC264EA88D004732F5 /* Base */,
			);
			name = LaunchScreen.storyboard;
			sourceTree = "<group>";
		};
/* End PBXVariantGroup section */

/* Begin XCBuildConfiguration section */
		32A4CDAF264EA88D004732F5 /* Debug */ = {
			isa = XCBuildConfiguration;
			buildSettings = {
				ALWAYS_SEARCH_USER_PATHS = NO;
				CLANG_ANALYZER_NONNULL = YES;
				CLANG_ANALYZER_NUMBER_OBJECT_CONVERSION = YES_AGGRESSIVE;
				CLANG_CXX_LANGUAGE_STANDARD = "gnu++14";
				CLANG_CXX_LIBRARY = "libc++";
				CLANG_ENABLE_MODULES = YES;
				CLANG_ENABLE_OBJC_ARC = YES;
				CLANG_ENABLE_OBJC_WEAK = YES;
				CLANG_WARN_BLOCK_CAPTURE_AUTORELEASING = YES;
				CLANG_WARN_BOOL_CONVERSION = YES;
				CLANG_WARN_COMMA = YES;
				CLANG_WARN_CONSTANT_CONVERSION = YES;
				CLANG_WARN_DEPRECATED_OBJC_IMPLEMENTATIONS = YES;
				CLANG_WARN_DIRECT_OBJC_ISA_USAGE = YES_ERROR;
				CLANG_WARN_DOCUMENTATION_COMMENTS = YES;
				CLANG_WARN_EMPTY_BODY = YES;
				CLANG_WARN_ENUM_CONVERSION = YES;
				CLANG_WARN_INFINITE_RECURSION = YES;
				CLANG_WARN_INT_CONVERSION = YES;
				CLANG_WARN_NON_LITERAL_NULL_CONVERSION = YES;
				CLANG_WARN_OBJC_IMPLICIT_RETAIN_SELF = YES;
				CLANG_WARN_OBJC_LITERAL_CONVERSION = YES;
				CLANG_WARN_OBJC_ROOT_CLASS = YES_ERROR;
				CLANG_WARN_QUOTED_INCLUDE_IN_FRAMEWORK_HEADER = YES;
				CLANG_WARN_RANGE_LOOP_ANALYSIS = YES;
				CLANG_WARN_STRICT_PROTOTYPES = YES;
				CLANG_WARN_SUSPICIOUS_MOVE = YES;
				CLANG_WARN_UNGUARDED_AVAILABILITY = YES_AGGRESSIVE;
				CLANG_WARN_UNREACHABLE_CODE = YES;
				CLANG_WARN__DUPLICATE_METHOD_MATCH = YES;
				COPY_PHASE_STRIP = NO;
				DEBUG_INFORMATION_FORMAT = dwarf;
				ENABLE_STRICT_OBJC_MSGSEND = YES;
				ENABLE_TESTABILITY = YES;
				GCC_C_LANGUAGE_STANDARD = gnu11;
				GCC_DYNAMIC_NO_PIC = NO;
				GCC_NO_COMMON_BLOCKS = YES;
				GCC_OPTIMIZATION_LEVEL = 0;
				GCC_PREPROCESSOR_DEFINITIONS = (
					"DEBUG=1",
					"$(inherited)",
				);
				GCC_WARN_64_TO_32_BIT_CONVERSION = YES;
				GCC_WARN_ABOUT_RETURN_TYPE = YES_ERROR;
				GCC_WARN_UNDECLARED_SELECTOR = YES;
				GCC_WARN_UNINITIALIZED_AUTOS = YES_AGGRESSIVE;
				GCC_WARN_UNUSED_FUNCTION = YES;
				GCC_WARN_UNUSED_VARIABLE = YES;
				IPHONEOS_DEPLOYMENT_TARGET = 14.5;
				MTL_ENABLE_DEBUG_INFO = INCLUDE_SOURCE;
				MTL_FAST_MATH = YES;
				ONLY_ACTIVE_ARCH = YES;
				SDKROOT = iphoneos;
				SWIFT_ACTIVE_COMPILATION_CONDITIONS = DEBUG;
				SWIFT_OPTIMIZATION_LEVEL = "-Onone";
			};
			name = Debug;
		};
		32A4CDB0264EA88D004732F5 /* Release */ = {
			isa = XCBuildConfiguration;
			buildSettings = {
				ALWAYS_SEARCH_USER_PATHS = NO;
				CLANG_ANALYZER_NONNULL = YES;
				CLANG_ANALYZER_NUMBER_OBJECT_CONVERSION = YES_AGGRESSIVE;
				CLANG_CXX_LANGUAGE_STANDARD = "gnu++14";
				CLANG_CXX_LIBRARY = "libc++";
				CLANG_ENABLE_MODULES = YES;
				CLANG_ENABLE_OBJC_ARC = YES;
				CLANG_ENABLE_OBJC_WEAK = YES;
				CLANG_WARN_BLOCK_CAPTURE_AUTORELEASING = YES;
				CLANG_WARN_BOOL_CONVERSION = YES;
				CLANG_WARN_COMMA = YES;
				CLANG_WARN_CONSTANT_CONVERSION = YES;
				CLANG_WARN_DEPRECATED_OBJC_IMPLEMENTATIONS = YES;
				CLANG_WARN_DIRECT_OBJC_ISA_USAGE = YES_ERROR;
				CLANG_WARN_DOCUMENTATION_COMMENTS = YES;
				CLANG_WARN_EMPTY_BODY = YES;
				CLANG_WARN_ENUM_CONVERSION = YES;
				CLANG_WARN_INFINITE_RECURSION = YES;
				CLANG_WARN_INT_CONVERSION = YES;
				CLANG_WARN_NON_LITERAL_NULL_CONVERSION = YES;
				CLANG_WARN_OBJC_IMPLICIT_RETAIN_SELF = YES;
				CLANG_WARN_OBJC_LITERAL_CONVERSION = YES;
				CLANG_WARN_OBJC_ROOT_CLASS = YES_ERROR;
				CLANG_WARN_QUOTED_INCLUDE_IN_FRAMEWORK_HEADER = YES;
				CLANG_WARN_RANGE_LOOP_ANALYSIS = YES;
				CLANG_WARN_STRICT_PROTOTYPES = YES;
				CLANG_WARN_SUSPICIOUS_MOVE = YES;
				CLANG_WARN_UNGUARDED_AVAILABILITY = YES_AGGRESSIVE;
				CLANG_WARN_UNREACHABLE_CODE = YES;
				CLANG_WARN__DUPLICATE_METHOD_MATCH = YES;
				COPY_PHASE_STRIP = NO;
				DEBUG_INFORMATION_FORMAT = "dwarf-with-dsym";
				ENABLE_NS_ASSERTIONS = NO;
				ENABLE_STRICT_OBJC_MSGSEND = YES;
				GCC_C_LANGUAGE_STANDARD = gnu11;
				GCC_NO_COMMON_BLOCKS = YES;
				GCC_WARN_64_TO_32_BIT_CONVERSION = YES;
				GCC_WARN_ABOUT_RETURN_TYPE = YES_ERROR;
				GCC_WARN_UNDECLARED_SELECTOR = YES;
				GCC_WARN_UNINITIALIZED_AUTOS = YES_AGGRESSIVE;
				GCC_WARN_UNUSED_FUNCTION = YES;
				GCC_WARN_UNUSED_VARIABLE = YES;
				IPHONEOS_DEPLOYMENT_TARGET = 14.5;
				MTL_ENABLE_DEBUG_INFO = NO;
				MTL_FAST_MATH = YES;
				SDKROOT = iphoneos;
				SWIFT_COMPILATION_MODE = wholemodule;
				SWIFT_OPTIMIZATION_LEVEL = "-O";
				VALIDATE_PRODUCT = YES;
			};
			name = Release;
		};
		32A4CDB2264EA88D004732F5 /* Debug */ = {
			isa = XCBuildConfiguration;
			buildSettings = {
				ASSETCATALOG_COMPILER_APPICON_NAME = AppIcon;
				ASSETCATALOG_COMPILER_GLOBAL_ACCENT_COLOR_NAME = AccentColor;
				CODE_SIGN_STYLE = Automatic;
				DEVELOPMENT_ASSET_PATHS = "\"Cat Fact/Preview Content\"";
				DEVELOPMENT_TEAM = XL5JK4F896;
				ENABLE_PREVIEWS = YES;
				INFOPLIST_FILE = "Cat Fact/Info.plist";
				LD_RUNPATH_SEARCH_PATHS = (
					"$(inherited)",
					"@executable_path/Frameworks",
				);
				PRODUCT_BUNDLE_IDENTIFIER = "com.tinkertanker.Cat-Fact";
				PRODUCT_NAME = "$(TARGET_NAME)";
				SWIFT_VERSION = 5.0;
				TARGETED_DEVICE_FAMILY = "1,2";
			};
			name = Debug;
		};
		32A4CDB3264EA88D004732F5 /* Release */ = {
			isa = XCBuildConfiguration;
			buildSettings = {
				ASSETCATALOG_COMPILER_APPICON_NAME = AppIcon;
				ASSETCATALOG_COMPILER_GLOBAL_ACCENT_COLOR_NAME = AccentColor;
				CODE_SIGN_STYLE = Automatic;
				DEVELOPMENT_ASSET_PATHS = "\"Cat Fact/Preview Content\"";
				DEVELOPMENT_TEAM = XL5JK4F896;
				ENABLE_PREVIEWS = YES;
				INFOPLIST_FILE = "Cat Fact/Info.plist";
				LD_RUNPATH_SEARCH_PATHS = (
					"$(inherited)",
					"@executable_path/Frameworks",
				);
				PRODUCT_BUNDLE_IDENTIFIER = "com.tinkertanker.Cat-Fact";
				PRODUCT_NAME = "$(TARGET_NAME)";
				SWIFT_VERSION = 5.0;
				TARGETED_DEVICE_FAMILY = "1,2";
			};
			name = Release;
		};
/* End XCBuildConfiguration section */

/* Begin XCConfigurationList section */
		32A4CD98264EA886004732F5 /* Build configuration list for PBXProject "Cat Fact" */ = {
			isa = XCConfigurationList;
			buildConfigurations = (
				32A4CDAF264EA88D004732F5 /* Debug */,
				32A4CDB0264EA88D004732F5 /* Release */,
			);
			defaultConfigurationIsVisible = 0;
			defaultConfigurationName = Release;
		};
		32A4CDB1264EA88D004732F5 /* Build configuration list for PBXNativeTarget "Cat Fact" */ = {
			isa = XCConfigurationList;
			buildConfigurations = (
				32A4CDB2264EA88D004732F5 /* Debug */,
				32A4CDB3264EA88D004732F5 /* Release */,
			);
			defaultConfigurationIsVisible = 0;
			defaultConfigurationName = Release;
		};
/* End XCConfigurationList section */
	};
	rootObject = 32A4CD95264EA886004732F5 /* Project object */;
}
