// !$*UTF8*$!
{
	archiveVersion = 1;
	classes = {
	};
	objectVersion = 50;
	objects = {

/* Begin PBXBuildFile section */
		323CB58B265153CD0006FF9A /* AppDelegate.swift in Sources */ = {isa = PBXBuildFile; fileRef = 323CB58A265153CD0006FF9A /* AppDelegate.swift */; };
		323CB58D265153CD0006FF9A /* SceneDelegate.swift in Sources */ = {isa = PBXBuildFile; fileRef = 323CB58C265153CD0006FF9A /* SceneDelegate.swift */; };
		323CB58F265153CD0006FF9A /* ContentView.swift in Sources */ = {isa = PBXBuildFile; fileRef = 323CB58E265153CD0006FF9A /* ContentView.swift */; };
		323CB591265153D20006FF9A /* Assets.xcassets in Resources */ = {isa = PBXBuildFile; fileRef = 323CB590265153D20006FF9A /* Assets.xcassets */; };
		323CB594265153D20006FF9A /* Preview Assets.xcassets in Resources */ = {isa = PBXBuildFile; fileRef = 323CB593265153D20006FF9A /* Preview Assets.xcassets */; };
		323CB597265153D20006FF9A /* LaunchScreen.storyboard in Resources */ = {isa = PBXBuildFile; fileRef = 323CB595265153D20006FF9A /* LaunchScreen.storyboard */; };
		323CB59F265154850006FF9A /* Friend.swift in Sources */ = {isa = PBXBuildFile; fileRef = 323CB59E265154850006FF9A /* Friend.swift */; };
		323CB5A12651564E0006FF9A /* FriendRowView.swift in Sources */ = {isa = PBXBuildFile; fileRef = 323CB5A02651564E0006FF9A /* FriendRowView.swift */; };
		323CB5A3265156AD0006FF9A /* FriendContentView.swift in Sources */ = {isa = PBXBuildFile; fileRef = 323CB5A2265156AD0006FF9A /* FriendContentView.swift */; };
		323CB5A5265183B00006FF9A /* SafariView.swift in Sources */ = {isa = PBXBuildFile; fileRef = 323CB5A4265183B00006FF9A /* SafariView.swift */; };
/* End PBXBuildFile section */

/* Begin PBXFileReference section */
		323CB587265153CD0006FF9A /* Friends List.app */ = {isa = PBXFileReference; explicitFileType = wrapper.application; includeInIndex = 0; path = "Friends List.app"; sourceTree = BUILT_PRODUCTS_DIR; };
		323CB58A265153CD0006FF9A /* AppDelegate.swift */ = {isa = PBXFileReference; lastKnownFileType = sourcecode.swift; path = AppDelegate.swift; sourceTree = "<group>"; };
		323CB58C265153CD0006FF9A /* SceneDelegate.swift */ = {isa = PBXFileReference; lastKnownFileType = sourcecode.swift; path = SceneDelegate.swift; sourceTree = "<group>"; };
		323CB58E265153CD0006FF9A /* ContentView.swift */ = {isa = PBXFileReference; lastKnownFileType = sourcecode.swift; path = ContentView.swift; sourceTree = "<group>"; };
		323CB590265153D20006FF9A /* Assets.xcassets */ = {isa = PBXFileReference; lastKnownFileType = folder.assetcatalog; path = Assets.xcassets; sourceTree = "<group>"; };
		323CB593265153D20006FF9A /* Preview Assets.xcassets */ = {isa = PBXFileReference; lastKnownFileType = folder.assetcatalog; path = "Preview Assets.xcassets"; sourceTree = "<group>"; };
		323CB596265153D20006FF9A /* Base */ = {isa = PBXFileReference; lastKnownFileType = file.storyboard; name = Base; path = Base.lproj/LaunchScreen.storyboard; sourceTree = "<group>"; };
		323CB598265153D20006FF9A /* Info.plist */ = {isa = PBXFileReference; lastKnownFileType = text.plist.xml; path = Info.plist; sourceTree = "<group>"; };
		323CB59E265154850006FF9A /* Friend.swift */ = {isa = PBXFileReference; fileEncoding = 4; lastKnownFileType = sourcecode.swift; path = Friend.swift; sourceTree = "<group>"; };
		323CB5A02651564E0006FF9A /* FriendRowView.swift */ = {isa = PBXFileReference; lastKnownFileType = sourcecode.swift; path = FriendRowView.swift; sourceTree = "<group>"; };
		323CB5A2265156AD0006FF9A /* FriendContentView.swift */ = {isa = PBXFileReference; lastKnownFileType = sourcecode.swift; path = FriendContentView.swift; sourceTree = "<group>"; };
		323CB5A4265183B00006FF9A /* SafariView.swift */ = {isa = PBXFileReference; lastKnownFileType = sourcecode.swift; path = SafariView.swift; sourceTree = "<group>"; };
/* End PBXFileReference section */

/* Begin PBXFrameworksBuildPhase section */
		323CB584265153CD0006FF9A /* Frameworks */ = {
			isa = PBXFrameworksBuildPhase;
			buildActionMask = 2147483647;
			files = (
			);
			runOnlyForDeploymentPostprocessing = 0;
		};
/* End PBXFrameworksBuildPhase section */

/* Begin PBXGroup section */
		323CB57E265153CD0006FF9A = {
			isa = PBXGroup;
			children = (
				323CB589265153CD0006FF9A /* Friends List */,
				323CB588265153CD0006FF9A /* Products */,
			);
			sourceTree = "<group>";
		};
		323CB588265153CD0006FF9A /* Products */ = {
			isa = PBXGroup;
			children = (
				323CB587265153CD0006FF9A /* Friends List.app */,
			);
			name = Products;
			sourceTree = "<group>";
		};
		323CB589265153CD0006FF9A /* Friends List */ = {
			isa = PBXGroup;
			children = (
				323CB59E265154850006FF9A /* Friend.swift */,
				323CB58A265153CD0006FF9A /* AppDelegate.swift */,
				323CB58C265153CD0006FF9A /* SceneDelegate.swift */,
				323CB58E265153CD0006FF9A /* ContentView.swift */,
				323CB5A2265156AD0006FF9A /* FriendContentView.swift */,
				323CB5A4265183B00006FF9A /* SafariView.swift */,
				323CB5A02651564E0006FF9A /* FriendRowView.swift */,
				323CB590265153D20006FF9A /* Assets.xcassets */,
				323CB595265153D20006FF9A /* LaunchScreen.storyboard */,
				323CB598265153D20006FF9A /* Info.plist */,
				323CB592265153D20006FF9A /* Preview Content */,
			);
			path = "Friends List";
			sourceTree = "<group>";
		};
		323CB592265153D20006FF9A /* Preview Content */ = {
			isa = PBXGroup;
			children = (
				323CB593265153D20006FF9A /* Preview Assets.xcassets */,
			);
			path = "Preview Content";
			sourceTree = "<group>";
		};
/* End PBXGroup section */

/* Begin PBXNativeTarget section */
		323CB586265153CD0006FF9A /* Friends List */ = {
			isa = PBXNativeTarget;
			buildConfigurationList = 323CB59B265153D20006FF9A /* Build configuration list for PBXNativeTarget "Friends List" */;
			buildPhases = (
				323CB583265153CD0006FF9A /* Sources */,
				323CB584265153CD0006FF9A /* Frameworks */,
				323CB585265153CD0006FF9A /* Resources */,
			);
			buildRules = (
			);
			dependencies = (
			);
			name = "Friends List";
			productName = "Friends List";
			productReference = 323CB587265153CD0006FF9A /* Friends List.app */;
			productType = "com.apple.product-type.application";
		};
/* End PBXNativeTarget section */

/* Begin PBXProject section */
		323CB57F265153CD0006FF9A /* Project object */ = {
			isa = PBXProject;
			attributes = {
				LastSwiftUpdateCheck = 1250;
				LastUpgradeCheck = 1250;
				TargetAttributes = {
					323CB586265153CD0006FF9A = {
						CreatedOnToolsVersion = 12.5;
					};
				};
			};
			buildConfigurationList = 323CB582265153CD0006FF9A /* Build configuration list for PBXProject "Friends List" */;
			compatibilityVersion = "Xcode 9.3";
			developmentRegion = en;
			hasScannedForEncodings = 0;
			knownRegions = (
				en,
				Base,
			);
			mainGroup = 323CB57E265153CD0006FF9A;
			productRefGroup = 323CB588265153CD0006FF9A /* Products */;
			projectDirPath = "";
			projectRoot = "";
			targets = (
				323CB586265153CD0006FF9A /* Friends List */,
			);
		};
/* End PBXProject section */

/* Begin PBXResourcesBuildPhase section */
		323CB585265153CD0006FF9A /* Resources */ = {
			isa = PBXResourcesBuildPhase;
			buildActionMask = 2147483647;
			files = (
				323CB597265153D20006FF9A /* LaunchScreen.storyboard in Resources */,
				323CB594265153D20006FF9A /* Preview Assets.xcassets in Resources */,
				323CB591265153D20006FF9A /* Assets.xcassets in Resources */,
			);
			runOnlyForDeploymentPostprocessing = 0;
		};
/* End PBXResourcesBuildPhase section */

/* Begin PBXSourcesBuildPhase section */
		323CB583265153CD0006FF9A /* Sources */ = {
			isa = PBXSourcesBuildPhase;
			buildActionMask = 2147483647;
			files = (
				323CB58B265153CD0006FF9A /* AppDelegate.swift in Sources */,
				323CB58D265153CD0006FF9A /* SceneDelegate.swift in Sources */,
				323CB5A3265156AD0006FF9A /* FriendContentView.swift in Sources */,
				323CB58F265153CD0006FF9A /* ContentView.swift in Sources */,
				323CB59F265154850006FF9A /* Friend.swift in Sources */,
				323CB5A12651564E0006FF9A /* FriendRowView.swift in Sources */,
				323CB5A5265183B00006FF9A /* SafariView.swift in Sources */,
			);
			runOnlyForDeploymentPostprocessing = 0;
		};
/* End PBXSourcesBuildPhase section */

/* Begin PBXVariantGroup section */
		323CB595265153D20006FF9A /* LaunchScreen.storyboard */ = {
			isa = PBXVariantGroup;
			children = (
				323CB596265153D20006FF9A /* Base */,
			);
			name = LaunchScreen.storyboard;
			sourceTree = "<group>";
		};
/* End PBXVariantGroup section */

/* Begin XCBuildConfiguration section */
		323CB599265153D20006FF9A /* Debug */ = {
			isa = XCBuildConfiguration;
			buildSettings = {
				ALWAYS_SEARCH_USER_PATHS = NO;
				CLANG_ANALYZER_NONNULL = YES;
				CLANG_ANALYZER_NUMBER_OBJECT_CONVERSION = YES_AGGRESSIVE;
				CLANG_CXX_LANGUAGE_STANDARD = "gnu++14";
				CLANG_CXX_LIBRARY = "libc++";
				CLANG_ENABLE_MODULES = YES;
				CLANG_ENABLE_OBJC_ARC = YES;
				CLANG_ENABLE_OBJC_WEAK = YES;
				CLANG_WARN_BLOCK_CAPTURE_AUTORELEASING = YES;
				CLANG_WARN_BOOL_CONVERSION = YES;
				CLANG_WARN_COMMA = YES;
				CLANG_WARN_CONSTANT_CONVERSION = YES;
				CLANG_WARN_DEPRECATED_OBJC_IMPLEMENTATIONS = YES;
				CLANG_WARN_DIRECT_OBJC_ISA_USAGE = YES_ERROR;
				CLANG_WARN_DOCUMENTATION_COMMENTS = YES;
				CLANG_WARN_EMPTY_BODY = YES;
				CLANG_WARN_ENUM_CONVERSION = YES;
				CLANG_WARN_INFINITE_RECURSION = YES;
				CLANG_WARN_INT_CONVERSION = YES;
				CLANG_WARN_NON_LITERAL_NULL_CONVERSION = YES;
				CLANG_WARN_OBJC_IMPLICIT_RETAIN_SELF = YES;
				CLANG_WARN_OBJC_LITERAL_CONVERSION = YES;
				CLANG_WARN_OBJC_ROOT_CLASS = YES_ERROR;
				CLANG_WARN_QUOTED_INCLUDE_IN_FRAMEWORK_HEADER = YES;
				CLANG_WARN_RANGE_LOOP_ANALYSIS = YES;
				CLANG_WARN_STRICT_PROTOTYPES = YES;
				CLANG_WARN_SUSPICIOUS_MOVE = YES;
				CLANG_WARN_UNGUARDED_AVAILABILITY = YES_AGGRESSIVE;
				CLANG_WARN_UNREACHABLE_CODE = YES;
				CLANG_WARN__DUPLICATE_METHOD_MATCH = YES;
				COPY_PHASE_STRIP = NO;
				DEBUG_INFORMATION_FORMAT = dwarf;
				ENABLE_STRICT_OBJC_MSGSEND = YES;
				ENABLE_TESTABILITY = YES;
				GCC_C_LANGUAGE_STANDARD = gnu11;
				GCC_DYNAMIC_NO_PIC = NO;
				GCC_NO_COMMON_BLOCKS = YES;
				GCC_OPTIMIZATION_LEVEL = 0;
				GCC_PREPROCESSOR_DEFINITIONS = (
					"DEBUG=1",
					"$(inherited)",
				);
				GCC_WARN_64_TO_32_BIT_CONVERSION = YES;
				GCC_WARN_ABOUT_RETURN_TYPE = YES_ERROR;
				GCC_WARN_UNDECLARED_SELECTOR = YES;
				GCC_WARN_UNINITIALIZED_AUTOS = YES_AGGRESSIVE;
				GCC_WARN_UNUSED_FUNCTION = YES;
				GCC_WARN_UNUSED_VARIABLE = YES;
				IPHONEOS_DEPLOYMENT_TARGET = 14.5;
				MTL_ENABLE_DEBUG_INFO = INCLUDE_SOURCE;
				MTL_FAST_MATH = YES;
				ONLY_ACTIVE_ARCH = YES;
				SDKROOT = iphoneos;
				SWIFT_ACTIVE_COMPILATION_CONDITIONS = DEBUG;
				SWIFT_OPTIMIZATION_LEVEL = "-Onone";
			};
			name = Debug;
		};
		323CB59A265153D20006FF9A /* Release */ = {
			isa = XCBuildConfiguration;
			buildSettings = {
				ALWAYS_SEARCH_USER_PATHS = NO;
				CLANG_ANALYZER_NONNULL = YES;
				CLANG_ANALYZER_NUMBER_OBJECT_CONVERSION = YES_AGGRESSIVE;
				CLANG_CXX_LANGUAGE_STANDARD = "gnu++14";
				CLANG_CXX_LIBRARY = "libc++";
				CLANG_ENABLE_MODULES = YES;
				CLANG_ENABLE_OBJC_ARC = YES;
				CLANG_ENABLE_OBJC_WEAK = YES;
				CLANG_WARN_BLOCK_CAPTURE_AUTORELEASING = YES;
				CLANG_WARN_BOOL_CONVERSION = YES;
				CLANG_WARN_COMMA = YES;
				CLANG_WARN_CONSTANT_CONVERSION = YES;
				CLANG_WARN_DEPRECATED_OBJC_IMPLEMENTATIONS = YES;
				CLANG_WARN_DIRECT_OBJC_ISA_USAGE = YES_ERROR;
				CLANG_WARN_DOCUMENTATION_COMMENTS = YES;
				CLANG_WARN_EMPTY_BODY = YES;
				CLANG_WARN_ENUM_CONVERSION = YES;
				CLANG_WARN_INFINITE_RECURSION = YES;
				CLANG_WARN_INT_CONVERSION = YES;
				CLANG_WARN_NON_LITERAL_NULL_CONVERSION = YES;
				CLANG_WARN_OBJC_IMPLICIT_RETAIN_SELF = YES;
				CLANG_WARN_OBJC_LITERAL_CONVERSION = YES;
				CLANG_WARN_OBJC_ROOT_CLASS = YES_ERROR;
				CLANG_WARN_QUOTED_INCLUDE_IN_FRAMEWORK_HEADER = YES;
				CLANG_WARN_RANGE_LOOP_ANALYSIS = YES;
				CLANG_WARN_STRICT_PROTOTYPES = YES;
				CLANG_WARN_SUSPICIOUS_MOVE = YES;
				CLANG_WARN_UNGUARDED_AVAILABILITY = YES_AGGRESSIVE;
				CLANG_WARN_UNREACHABLE_CODE = YES;
				CLANG_WARN__DUPLICATE_METHOD_MATCH = YES;
				COPY_PHASE_STRIP = NO;
				DEBUG_INFORMATION_FORMAT = "dwarf-with-dsym";
				ENABLE_NS_ASSERTIONS = NO;
				ENABLE_STRICT_OBJC_MSGSEND = YES;
				GCC_C_LANGUAGE_STANDARD = gnu11;
				GCC_NO_COMMON_BLOCKS = YES;
				GCC_WARN_64_TO_32_BIT_CONVERSION = YES;
				GCC_WARN_ABOUT_RETURN_TYPE = YES_ERROR;
				GCC_WARN_UNDECLARED_SELECTOR = YES;
				GCC_WARN_UNINITIALIZED_AUTOS = YES_AGGRESSIVE;
				GCC_WARN_UNUSED_FUNCTION = YES;
				GCC_WARN_UNUSED_VARIABLE = YES;
				IPHONEOS_DEPLOYMENT_TARGET = 14.5;
				MTL_ENABLE_DEBUG_INFO = NO;
				MTL_FAST_MATH = YES;
				SDKROOT = iphoneos;
				SWIFT_COMPILATION_MODE = wholemodule;
				SWIFT_OPTIMIZATION_LEVEL = "-O";
				VALIDATE_PRODUCT = YES;
			};
			name = Release;
		};
		323CB59C265153D20006FF9A /* Debug */ = {
			isa = XCBuildConfiguration;
			buildSettings = {
				ASSETCATALOG_COMPILER_APPICON_NAME = AppIcon;
				ASSETCATALOG_COMPILER_GLOBAL_ACCENT_COLOR_NAME = AccentColor;
				CODE_SIGN_STYLE = Automatic;
				DEVELOPMENT_ASSET_PATHS = "\"Friends List/Preview Content\"";
				DEVELOPMENT_TEAM = XL5JK4F896;
				ENABLE_PREVIEWS = YES;
				INFOPLIST_FILE = "Friends List/Info.plist";
				LD_RUNPATH_SEARCH_PATHS = (
					"$(inherited)",
					"@executable_path/Frameworks",
				);
				PRODUCT_BUNDLE_IDENTIFIER = "com.tinkertanker.Friends-List";
				PRODUCT_NAME = "$(TARGET_NAME)";
				SWIFT_VERSION = 5.0;
				TARGETED_DEVICE_FAMILY = "1,2";
			};
			name = Debug;
		};
		323CB59D265153D20006FF9A /* Release */ = {
			isa = XCBuildConfiguration;
			buildSettings = {
				ASSETCATALOG_COMPILER_APPICON_NAME = AppIcon;
				ASSETCATALOG_COMPILER_GLOBAL_ACCENT_COLOR_NAME = AccentColor;
				CODE_SIGN_STYLE = Automatic;
				DEVELOPMENT_ASSET_PATHS = "\"Friends List/Preview Content\"";
				DEVELOPMENT_TEAM = XL5JK4F896;
				ENABLE_PREVIEWS = YES;
				INFOPLIST_FILE = "Friends List/Info.plist";
				LD_RUNPATH_SEARCH_PATHS = (
					"$(inherited)",
					"@executable_path/Frameworks",
				);
				PRODUCT_BUNDLE_IDENTIFIER = "com.tinkertanker.Friends-List";
				PRODUCT_NAME = "$(TARGET_NAME)";
				SWIFT_VERSION = 5.0;
				TARGETED_DEVICE_FAMILY = "1,2";
			};
			name = Release;
		};
/* End XCBuildConfiguration section */

/* Begin XCConfigurationList section */
		323CB582265153CD0006FF9A /* Build configuration list for PBXProject "Friends List" */ = {
			isa = XCConfigurationList;
			buildConfigurations = (
				323CB599265153D20006FF9A /* Debug */,
				323CB59A265153D20006FF9A /* Release */,
			);
			defaultConfigurationIsVisible = 0;
			defaultConfigurationName = Release;
		};
		323CB59B265153D20006FF9A /* Build configuration list for PBXNativeTarget "Friends List" */ = {
			isa = XCConfigurationList;
			buildConfigurations = (
				323CB59C265153D20006FF9A /* Debug */,
				323CB59D265153D20006FF9A /* Release */,
			);
			defaultConfigurationIsVisible = 0;
			defaultConfigurationName = Release;
		};
/* End XCConfigurationList section */
	};
	rootObject = 323CB57F265153CD0006FF9A /* Project object */;
}
